
Microsoft Visual Studio Solution File, Format Version 12.00
# Visual Studio Version 17
VisualStudioVersion = 17.12.35514.174
MinimumVisualStudioVersion = 10.0.40219.1
Project("{2150E333-8FDC-42A3-9474-1A3956D46DE8}") = "Solution Items", "Solution Items", "{9CBB5DD1-B52D-4A31-A0EC-30B37F8BF3C4}"
	ProjectSection(SolutionItems) = preProject
		README.md = README.md
	EndProjectSection
EndProject
Project("{2150E333-8FDC-42A3-9474-1A3956D46DE8}") = "ClassLibrary", "ClassLibrary", "{FCD63E5F-6A83-4B7D-A0B9-61C5BB98A38F}"
EndProject
Project("{2150E333-8FDC-42A3-9474-1A3956D46DE8}") = "Api", "Api", "{1576C96F-AB4C-4E1E-862A-A98A7FA50029}"
EndProject
Project("{FAE04EC0-301F-11D3-BF4B-00C04F79EFBC}") = "ClassLibrary.Domain", "ClassLibrary.Domain\ClassLibrary.Domain.csproj", "{56FB7527-0AE8-436B-AAD3-5BD3CACE1184}"
EndProject
Project("{FAE04EC0-301F-11D3-BF4B-00C04F79EFBC}") = "ClassLibrary.Core", "ClassLibrary.Core\ClassLibrary.Core.csproj", "{7823021C-4D83-40B6-B44F-BE257DD44113}"
EndProject
Project("{FAE04EC0-301F-11D3-BF4B-00C04F79EFBC}") = "ClassLibrary.Repository", "ClassLibrary.Repository\ClassLibrary.Repository.csproj", "{7FD364EF-4215-4100-804C-44F05C456816}"
EndProject
Project("{FAE04EC0-301F-11D3-BF4B-00C04F79EFBC}") = "ClassLibrary.Application", "ClassLibrary.Application\ClassLibrary.Application.csproj", "{19718877-B917-4F2D-8BAB-074B91E8956E}"
EndProject
Global
	GlobalSection(SolutionConfigurationPlatforms) = preSolution
		Debug|Any CPU = Debug|Any CPU
		Release|Any CPU = Release|Any CPU
	EndGlobalSection
	GlobalSection(ProjectConfigurationPlatforms) = postSolution
		{56FB7527-0AE8-436B-AAD3-5BD3CACE1184}.Debug|Any CPU.ActiveCfg = Debug|Any CPU
		{56FB7527-0AE8-436B-AAD3-5BD3CACE1184}.Debug|Any CPU.Build.0 = Debug|Any CPU
		{56FB7527-0AE8-436B-AAD3-5BD3CACE1184}.Release|Any CPU.ActiveCfg = Release|Any CPU
		{56FB7527-0AE8-436B-AAD3-5BD3CACE1184}.Release|Any CPU.Build.0 = Release|Any CPU
		{7823021C-4D83-40B6-B44F-BE257DD44113}.Debug|Any CPU.ActiveCfg = Debug|Any CPU
		{7823021C-4D83-40B6-B44F-BE257DD44113}.Debug|Any CPU.Build.0 = Debug|Any CPU
		{7823021C-4D83-40B6-B44F-BE257DD44113}.Release|Any CPU.ActiveCfg = Release|Any CPU
		{7823021C-4D83-40B6-B44F-BE257DD44113}.Release|Any CPU.Build.0 = Release|Any CPU
		{7FD364EF-4215-4100-804C-44F05C456816}.Debug|Any CPU.ActiveCfg = Debug|Any CPU
		{7FD364EF-4215-4100-804C-44F05C456816}.Debug|Any CPU.Build.0 = Debug|Any CPU
		{7FD364EF-4215-4100-804C-44F05C456816}.Release|Any CPU.ActiveCfg = Release|Any CPU
		{7FD364EF-4215-4100-804C-44F05C456816}.Release|Any CPU.Build.0 = Release|Any CPU
		{19718877-B917-4F2D-8BAB-074B91E8956E}.Debug|Any CPU.ActiveCfg = Debug|Any CPU
		{19718877-B917-4F2D-8BAB-074B91E8956E}.Debug|Any CPU.Build.0 = Debug|Any CPU
		{19718877-B917-4F2D-8BAB-074B91E8956E}.Release|Any CPU.ActiveCfg = Release|Any CPU
		{19718877-B917-4F2D-8BAB-074B91E8956E}.Release|Any CPU.Build.0 = Release|Any CPU
	EndGlobalSection
	GlobalSection(SolutionProperties) = preSolution
		HideSolutionNode = FALSE
	EndGlobalSection
	GlobalSection(NestedProjects) = preSolution
		{56FB7527-0AE8-436B-AAD3-5BD3CACE1184} = {FCD63E5F-6A83-4B7D-A0B9-61C5BB98A38F}
		{7823021C-4D83-40B6-B44F-BE257DD44113} = {FCD63E5F-6A83-4B7D-A0B9-61C5BB98A38F}
		{7FD364EF-4215-4100-804C-44F05C456816} = {FCD63E5F-6A83-4B7D-A0B9-61C5BB98A38F}
		{19718877-B917-4F2D-8BAB-074B91E8956E} = {FCD63E5F-6A83-4B7D-A0B9-61C5BB98A38F}
	EndGlobalSection
EndGlobal
